// !$*UTF8*$!
{
	archiveVersion = 1;
	classes = {
	};
	objectVersion = 60;
	objects = {

/* Begin PBXBuildFile section */
		01A95D34F4DA4022BDE286B4 /* SwiftMarkItDownApp.swift in Sources */ = {isa = PBXBuildFile; fileRef = 66481738239B42EB8C484310 /* SwiftMarkItDownApp.swift */; };
		23EA68F489C04895BA06323F /* ContentView.swift in Sources */ = {isa = PBXBuildFile; fileRef = 037D23D5D1574ACA94C31BF3 /* ContentView.swift */; };
		09A01BF32F9540198C4C38C0 /* SwiftMarkItDownAppUITests.swift in Sources */ = {isa = PBXBuildFile; fileRef = C6A01775FC574126BC7B7F04 /* SwiftMarkItDownAppUITests.swift */; };
		EFA99390927544718E050040 /* SwiftMarkItDown in Frameworks */ = {isa = PBXBuildFile; productRef = FFBABEEF11084DE78C50A81D /* SwiftMarkItDown */; };
/* End PBXBuildFile section */

/* Begin PBXContainerItemProxy section */
		BFB8686760BA40CAA5FE33FC /* PBXContainerItemProxy */ = {
			isa = PBXContainerItemProxy;
			containerPortal = 26F6896B96234A00BB10F5CF /* Project object */;
			proxyType = 1;
			remoteGlobalIDString = 4E38F4A68E3D44C481A90DAE;
			remoteInfo = SwiftMarkItDownApp;
		};
/* End PBXContainerItemProxy section */

/* Begin PBXFileReference section */
		037D23D5D1574ACA94C31BF3 /* ContentView.swift */ = {isa = PBXFileReference; lastKnownFileType = sourcecode.swift; path = ContentView.swift; sourceTree = "<group>"; };
		5C5BFDA93AF34555BFF7DC79 /* SwiftMarkItDownApp.app */ = {isa = PBXFileReference; explicitFileType = wrapper.application; includeInIndex = 0; path = SwiftMarkItDownApp.app; sourceTree = BUILT_PRODUCTS_DIR; };
		66481738239B42EB8C484310 /* SwiftMarkItDownApp.swift */ = {isa = PBXFileReference; lastKnownFileType = sourcecode.swift; path = SwiftMarkItDownApp.swift; sourceTree = "<group>"; };
		C668187E8F834070BF3F0A48 /* SwiftMarkItDownAppUITests.xctest */ = {isa = PBXFileReference; explicitFileType = wrapper.cfbundle; includeInIndex = 0; path = SwiftMarkItDownAppUITests.xctest; sourceTree = BUILT_PRODUCTS_DIR; };
		C6A01775FC574126BC7B7F04 /* SwiftMarkItDownAppUITests.swift */ = {isa = PBXFileReference; lastKnownFileType = sourcecode.swift; path = SwiftMarkItDownAppUITests.swift; sourceTree = "<group>"; };
/* End PBXFileReference section */

/* Begin PBXFrameworksBuildPhase section */
		31F046C302AF46C8A0752428 /* Frameworks */ = {
			isa = PBXFrameworksBuildPhase;
			buildActionMask = 2147483647;
			files = (
				EFA99390927544718E050040 /* SwiftMarkItDown in Frameworks */,
			);
			runOnlyForDeploymentPostprocessing = 0;
		};
		33D9FEC1419F4E25BC90EED1 /* Frameworks */ = {
			isa = PBXFrameworksBuildPhase;
			buildActionMask = 2147483647;
			files = (
			);
			runOnlyForDeploymentPostprocessing = 0;
		};
/* End PBXFrameworksBuildPhase section */

/* Begin PBXGroup section */
		5B1AF9AD93D445758D74221F = {
			isa = PBXGroup;
			children = (
				72D75F900530410F84E43735 /* SwiftMarkItDownApp */,
				D8EC7A76552A4C33B44574D0 /* SwiftMarkItDownAppUITests */,
				A2101201DE9749578A370783 /* Products */,
			);
			sourceTree = "<group>";
		};
		72D75F900530410F84E43735 /* SwiftMarkItDownApp */ = {
			isa = PBXGroup;
			children = (
				66481738239B42EB8C484310 /* SwiftMarkItDownApp.swift */,
				037D23D5D1574ACA94C31BF3 /* ContentView.swift */,
			);
			path = App/SwiftMarkItDownApp;
			sourceTree = "<group>";
		};
		D8EC7A76552A4C33B44574D0 /* SwiftMarkItDownAppUITests */ = {
			isa = PBXGroup;
			children = (
				C6A01775FC574126BC7B7F04 /* SwiftMarkItDownAppUITests.swift */,
			);
			path = App/SwiftMarkItDownAppUITests;
			sourceTree = "<group>";
		};
		A2101201DE9749578A370783 /* Products */ = {
			isa = PBXGroup;
			children = (
				5C5BFDA93AF34555BFF7DC79 /* SwiftMarkItDownApp.app */,
				C668187E8F834070BF3F0A48 /* SwiftMarkItDownAppUITests.xctest */,
			);
			name = Products;
			sourceTree = "<group>";
		};
/* End PBXGroup section */

/* Begin PBXNativeTarget section */
		4E38F4A68E3D44C481A90DAE /* SwiftMarkItDownApp */ = {
			isa = PBXNativeTarget;
			buildConfigurationList = AAE5DDCC43A44238ABF2C012 /* Build configuration list for PBXNativeTarget "SwiftMarkItDownApp" */;
			buildPhases = (
				B303122710924255893B8380 /* Sources */,
				31F046C302AF46C8A0752428 /* Frameworks */,
				E8C256034EAE4CEBA9704C5E /* Resources */,
			);
			buildRules = (
			);
			dependencies = (
			);
			name = SwiftMarkItDownApp;
			packageProductDependencies = (
				FFBABEEF11084DE78C50A81D /* SwiftMarkItDown */,
			);
			productName = SwiftMarkItDownApp;
			productReference = 5C5BFDA93AF34555BFF7DC79 /* SwiftMarkItDownApp.app */;
			productType = "com.apple.product-type.application";
		};
		83558351FBC64F6E928BBDC0 /* SwiftMarkItDownAppUITests */ = {
			isa = PBXNativeTarget;
			buildConfigurationList = 09FB1C2CA7864043B5027AD3 /* Build configuration list for PBXNativeTarget "SwiftMarkItDownAppUITests" */;
			buildPhases = (
				98D93C2743784CF988D09C43 /* Sources */,
				33D9FEC1419F4E25BC90EED1 /* Frameworks */,
				24B1F8836E8D4E468BE96866 /* Resources */,
			);
			buildRules = (
			);
			dependencies = (
				38E46A8C59734FD6BF61DDF7 /* PBXTargetDependency */,
			);
			name = SwiftMarkItDownAppUITests;
			productName = SwiftMarkItDownAppUITests;
			productReference = C668187E8F834070BF3F0A48 /* SwiftMarkItDownAppUITests.xctest */;
			productType = "com.apple.product-type.bundle.ui-testing";
		};
/* End PBXNativeTarget section */

/* Begin PBXProject section */
		26F6896B96234A00BB10F5CF /* Project object */ = {
			isa = PBXProject;
			attributes = {
				BuildIndependentTargetsInParallel = 1;
				LastSwiftUpdateCheck = 1600;
				LastUpgradeCheck = 1600;
				TargetAttributes = {
					4E38F4A68E3D44C481A90DAE = {
						CreatedOnToolsVersion = 16.0;
					};
					83558351FBC64F6E928BBDC0 = {
						CreatedOnToolsVersion = 16.0;
						TestTargetID = 4E38F4A68E3D44C481A90DAE;
					};
				};
			};
			buildConfigurationList = 22453E69467048B9929FC497 /* Build configuration list for PBXProject "SwiftMarkItDownApp" */;
			compatibilityVersion = "Xcode 15.0";
			developmentRegion = en;
			hasScannedForEncodings = 0;
			knownRegions = (
				en,
				Base,
			);
			mainGroup = 5B1AF9AD93D445758D74221F;
			packageReferences = (
				3C39D5C2DDC04CEDAC1F52C8 /* XCLocalSwiftPackageReference "." */,
			);
			productRefGroup = A2101201DE9749578A370783 /* Products */;
			projectDirPath = "";
			projectRoot = "";
			targets = (
				4E38F4A68E3D44C481A90DAE /* SwiftMarkItDownApp */,
				83558351FBC64F6E928BBDC0 /* SwiftMarkItDownAppUITests */,
			);
		};
/* End PBXProject section */

/* Begin PBXResourcesBuildPhase section */
		E8C256034EAE4CEBA9704C5E /* Resources */ = {
			isa = PBXResourcesBuildPhase;
			buildActionMask = 2147483647;
			files = (
			);
			runOnlyForDeploymentPostprocessing = 0;
		};
		24B1F8836E8D4E468BE96866 /* Resources */ = {
			isa = PBXResourcesBuildPhase;
			buildActionMask = 2147483647;
			files = (
			);
			runOnlyForDeploymentPostprocessing = 0;
		};
/* End PBXResourcesBuildPhase section */

/* Begin PBXSourcesBuildPhase section */
		B303122710924255893B8380 /* Sources */ = {
			isa = PBXSourcesBuildPhase;
			buildActionMask = 2147483647;
			files = (
				01A95D34F4DA4022BDE286B4 /* SwiftMarkItDownApp.swift in Sources */,
				23EA68F489C04895BA06323F /* ContentView.swift in Sources */,
			);
			runOnlyForDeploymentPostprocessing = 0;
		};
		98D93C2743784CF988D09C43 /* Sources */ = {
			isa = PBXSourcesBuildPhase;
			buildActionMask = 2147483647;
			files = (
				09A01BF32F9540198C4C38C0 /* SwiftMarkItDownAppUITests.swift in Sources */,
			);
			runOnlyForDeploymentPostprocessing = 0;
		};
/* End PBXSourcesBuildPhase section */

/* Begin PBXTargetDependency section */
		38E46A8C59734FD6BF61DDF7 /* PBXTargetDependency */ = {
			isa = PBXTargetDependency;
			target = 4E38F4A68E3D44C481A90DAE /* SwiftMarkItDownApp */;
			targetProxy = BFB8686760BA40CAA5FE33FC /* PBXContainerItemProxy */;
		};
/* End PBXTargetDependency section */

/* Begin XCBuildConfiguration section */
		0E2AFE0A298C48F88F93BE03 /* Debug */ = {
			isa = XCBuildConfiguration;
			buildSettings = {
				ASSETCATALOG_COMPILER_GLOBAL_ACCENT_COLOR_NAME = AccentColor;
				CODE_SIGN_STYLE = Automatic;
				CURRENT_PROJECT_VERSION = 1;
				DEVELOPMENT_TEAM = "";
				GENERATE_INFOPLIST_FILE = YES;
				INFOPLIST_KEY_CFBundleDisplayName = SwiftMarkItDown;
				INFOPLIST_KEY_UIApplicationSceneManifest_Generation = YES;
				INFOPLIST_KEY_UIApplicationSupportsIndirectInputEvents = YES;
				INFOPLIST_KEY_UILaunchScreen_Generation = YES;
				INFOPLIST_KEY_UISupportedInterfaceOrientations_iPad = "UIInterfaceOrientationPortrait UIInterfaceOrientationPortraitUpsideDown UIInterfaceOrientationLandscapeLeft UIInterfaceOrientationLandscapeRight";
				INFOPLIST_KEY_UISupportedInterfaceOrientations_iPhone = "UIInterfaceOrientationPortrait UIInterfaceOrientationLandscapeLeft UIInterfaceOrientationLandscapeRight";
				IPHONEOS_DEPLOYMENT_TARGET = 16.0;
				LD_RUNPATH_SEARCH_PATHS = (
					"$(inherited)",
					"@executable_path/Frameworks",
				);
				MARKETING_VERSION = 1.0;
				PRODUCT_BUNDLE_IDENTIFIER = com.example.SwiftMarkItDownApp;
				PRODUCT_NAME = "$(TARGET_NAME)";
				SUPPORTED_PLATFORMS = "iphoneos iphonesimulator";
				SUPPORTS_MACCATALYST = NO;
				SWIFT_VERSION = 6.0;
				TARGETED_DEVICE_FAMILY = "1,2";
			};
			name = Debug;
		};
		2380B44F3C4F4BCFB4DFFA84 /* Debug */ = {
			isa = XCBuildConfiguration;
			buildSettings = {
				ALWAYS_SEARCH_USER_PATHS = NO;
				CLANG_ANALYZER_NONNULL = YES;
				CLANG_ANALYZER_NUMBER_OBJECT_CONVERSION = YES_AGGRESSIVE;
				CLANG_CXX_LANGUAGE_STANDARD = "gnu++20";
				CLANG_ENABLE_MODULES = YES;
				CLANG_ENABLE_OBJC_ARC = YES;
				CLANG_ENABLE_OBJC_WEAK = YES;
				CLANG_WARN_BLOCK_CAPTURE_AUTORELEASING = YES;
				CLANG_WARN_BOOL_CONVERSION = YES;
				CLANG_WARN_COMMA = YES;
				CLANG_WARN_CONSTANT_CONVERSION = YES;
				CLANG_WARN_DEPRECATED_OBJC_IMPLEMENTATIONS = YES;
				CLANG_WARN_DIRECT_OBJC_ISA_USAGE = YES_ERROR;
				CLANG_WARN_DOCUMENTATION_COMMENTS = YES;
				CLANG_WARN_EMPTY_BODY = YES;
				CLANG_WARN_ENUM_CONVERSION = YES;
				CLANG_WARN_INFINITE_RECURSION = YES;
				CLANG_WARN_INT_CONVERSION = YES;
				CLANG_WARN_NON_LITERAL_NULL_CONVERSION = YES;
				CLANG_WARN_OBJC_IMPLICIT_RETAIN_SELF = YES;
				CLANG_WARN_OBJC_LITERAL_CONVERSION = YES;
				CLANG_WARN_OBJC_ROOT_CLASS = YES_ERROR;
				CLANG_WARN_QUOTED_INCLUDE_IN_FRAMEWORK_HEADER = YES;
				CLANG_WARN_RANGE_LOOP_ANALYSIS = YES;
				CLANG_WARN_STRICT_PROTOTYPES = YES;
				CLANG_WARN_SUSPICIOUS_MOVE = YES;
				CLANG_WARN_UNGUARDED_AVAILABILITY = YES_AGGRESSIVE;
				CLANG_WARN_UNREACHABLE_CODE = YES;
				CLANG_WARN__DUPLICATE_METHOD_MATCH = YES;
				COPY_PHASE_STRIP = NO;
				DEBUG_INFORMATION_FORMAT = dwarf;
				ENABLE_STRICT_OBJC_MSGSEND = YES;
				ENABLE_TESTABILITY = YES;
				ENABLE_USER_SCRIPT_SANDBOXING = YES;
				GCC_C_LANGUAGE_STANDARD = gnu17;
				GCC_DYNAMIC_NO_PIC = NO;
				GCC_NO_COMMON_BLOCKS = YES;
				GCC_OPTIMIZATION_LEVEL = 0;
				GCC_PREPROCESSOR_DEFINITIONS = (
					"DEBUG=1",
					"$(inherited)",
				);
				GCC_WARN_64_TO_32_BIT_CONVERSION = YES;
				GCC_WARN_ABOUT_RETURN_TYPE = YES_ERROR;
				GCC_WARN_UNDECLARED_SELECTOR = YES;
				GCC_WARN_UNINITIALIZED_AUTOS = YES_AGGRESSIVE;
				GCC_WARN_UNUSED_FUNCTION = YES;
				GCC_WARN_UNUSED_VARIABLE = YES;
				IPHONEOS_DEPLOYMENT_TARGET = 16.0;
				MTL_ENABLE_DEBUG_INFO = INCLUDE_SOURCE;
				MTL_FAST_MATH = YES;
				ONLY_ACTIVE_ARCH = YES;
				SDKROOT = iphoneos;
				SWIFT_ACTIVE_COMPILATION_CONDITIONS = DEBUG;
				SWIFT_OPTIMIZATION_LEVEL = "-Onone";
			};
			name = Debug;
		};
		379F6DF511A3471E9FC78272 /* Release */ = {
			isa = XCBuildConfiguration;
			buildSettings = {
				CODE_SIGN_STYLE = Automatic;
				CURRENT_PROJECT_VERSION = 1;
				DEVELOPMENT_TEAM = "";
				GENERATE_INFOPLIST_FILE = YES;
				INFOPLIST_KEY_CFBundleDisplayName = SwiftMarkItDown;
				INFOPLIST_KEY_UIApplicationSceneManifest_Generation = YES;
				INFOPLIST_KEY_UIApplicationSupportsIndirectInputEvents = YES;
				INFOPLIST_KEY_UILaunchScreen_Generation = YES;
				INFOPLIST_KEY_UISupportedInterfaceOrientations_iPad = "UIInterfaceOrientationPortrait UIInterfaceOrientationPortraitUpsideDown UIInterfaceOrientationLandscapeLeft UIInterfaceOrientationLandscapeRight";
				INFOPLIST_KEY_UISupportedInterfaceOrientations_iPhone = "UIInterfaceOrientationPortrait UIInterfaceOrientationLandscapeLeft UIInterfaceOrientationLandscapeRight";
				IPHONEOS_DEPLOYMENT_TARGET = 16.0;
				LD_RUNPATH_SEARCH_PATHS = (
					"$(inherited)",
					"@executable_path/Frameworks",
				);
				MARKETING_VERSION = 1.0;
				PRODUCT_BUNDLE_IDENTIFIER = com.example.SwiftMarkItDownApp;
				PRODUCT_NAME = "$(TARGET_NAME)";
				SUPPORTED_PLATFORMS = "iphoneos iphonesimulator";
				SUPPORTS_MACCATALYST = NO;
				SWIFT_VERSION = 6.0;
				TARGETED_DEVICE_FAMILY = "1,2";
			};
			name = Release;
		};
		6E9ECFE469D94A67B7AA05C1 /* Release */ = {
			isa = XCBuildConfiguration;
			buildSettings = {
				ALWAYS_SEARCH_USER_PATHS = NO;
				CLANG_ANALYZER_NONNULL = YES;
				CLANG_ANALYZER_NUMBER_OBJECT_CONVERSION = YES_AGGRESSIVE;
				CLANG_CXX_LANGUAGE_STANDARD = "gnu++20";
				CLANG_ENABLE_MODULES = YES;
				CLANG_ENABLE_OBJC_ARC = YES;
				CLANG_ENABLE_OBJC_WEAK = YES;
				CLANG_WARN_BLOCK_CAPTURE_AUTORELEASING = YES;
				CLANG_WARN_BOOL_CONVERSION = YES;
				CLANG_WARN_COMMA = YES;
				CLANG_WARN_CONSTANT_CONVERSION = YES;
				CLANG_WARN_DEPRECATED_OBJC_IMPLEMENTATIONS = YES;
				CLANG_WARN_DIRECT_OBJC_ISA_USAGE = YES_ERROR;
				CLANG_WARN_DOCUMENTATION_COMMENTS = YES;
				CLANG_WARN_EMPTY_BODY = YES;
				CLANG_WARN_ENUM_CONVERSION = YES;
				CLANG_WARN_INFINITE_RECURSION = YES;
				CLANG_WARN_INT_CONVERSION = YES;
				CLANG_WARN_NON_LITERAL_NULL_CONVERSION = YES;
				CLANG_WARN_OBJC_IMPLICIT_RETAIN_SELF = YES;
				CLANG_WARN_OBJC_LITERAL_CONVERSION = YES;
				CLANG_WARN_OBJC_ROOT_CLASS = YES_ERROR;
				CLANG_WARN_QUOTED_INCLUDE_IN_FRAMEWORK_HEADER = YES;
				CLANG_WARN_RANGE_LOOP_ANALYSIS = YES;
				CLANG_WARN_STRICT_PROTOTYPES = YES;
				CLANG_WARN_SUSPICIOUS_MOVE = YES;
				CLANG_WARN_UNGUARDED_AVAILABILITY = YES_AGGRESSIVE;
				CLANG_WARN_UNREACHABLE_CODE = YES;
				CLANG_WARN__DUPLICATE_METHOD_MATCH = YES;
				COPY_PHASE_STRIP = NO;
				DEBUG_INFORMATION_FORMAT = "dwarf-with-dsym";
				ENABLE_NS_ASSERTIONS = NO;
				ENABLE_STRICT_OBJC_MSGSEND = YES;
				ENABLE_USER_SCRIPT_SANDBOXING = YES;
				GCC_C_LANGUAGE_STANDARD = gnu17;
				GCC_NO_COMMON_BLOCKS = YES;
				GCC_WARN_64_TO_32_BIT_CONVERSION = YES;
				GCC_WARN_ABOUT_RETURN_TYPE = YES_ERROR;
				GCC_WARN_UNDECLARED_SELECTOR = YES;
				GCC_WARN_UNINITIALIZED_AUTOS = YES_AGGRESSIVE;
				GCC_WARN_UNUSED_FUNCTION = YES;
				GCC_WARN_UNUSED_VARIABLE = YES;
				IPHONEOS_DEPLOYMENT_TARGET = 16.0;
				MTL_ENABLE_DEBUG_INFO = NO;
				MTL_FAST_MATH = YES;
				SDKROOT = iphoneos;
				SWIFT_COMPILATION_MODE = wholemodule;
				SWIFT_OPTIMIZATION_LEVEL = "-O";
				VALIDATE_PRODUCT = YES;
			};
			name = Release;
		};
		BF9DCF88C5A54276A57D75B6 /* Debug */ = {
			isa = XCBuildConfiguration;
			buildSettings = {
				CODE_SIGN_STYLE = Automatic;
				CURRENT_PROJECT_VERSION = 1;
				DEVELOPMENT_TEAM = "";
				GENERATE_INFOPLIST_FILE = YES;
				IPHONEOS_DEPLOYMENT_TARGET = 16.0;
				MARKETING_VERSION = 1.0;
				PRODUCT_BUNDLE_IDENTIFIER = com.example.SwiftMarkItDownAppUITests;
				PRODUCT_NAME = "$(TARGET_NAME)";
				SUPPORTED_PLATFORMS = "iphoneos iphonesimulator";
				SWIFT_VERSION = 6.0;
				TARGETED_DEVICE_FAMILY = "1,2";
				TEST_TARGET_NAME = SwiftMarkItDownApp;
			};
			name = Debug;
		};
		48A272A4FB4C402F8EEA962A /* Release */ = {
			isa = XCBuildConfiguration;
			buildSettings = {
				CODE_SIGN_STYLE = Automatic;
				CURRENT_PROJECT_VERSION = 1;
				DEVELOPMENT_TEAM = "";
				GENERATE_INFOPLIST_FILE = YES;
				IPHONEOS_DEPLOYMENT_TARGET = 16.0;
				MARKETING_VERSION = 1.0;
				PRODUCT_BUNDLE_IDENTIFIER = com.example.SwiftMarkItDownAppUITests;
				PRODUCT_NAME = "$(TARGET_NAME)";
				SUPPORTED_PLATFORMS = "iphoneos iphonesimulator";
				SWIFT_VERSION = 6.0;
				TARGETED_DEVICE_FAMILY = "1,2";
				TEST_TARGET_NAME = SwiftMarkItDownApp;
			};
			name = Release;
		};
/* End XCBuildConfiguration section */

/* Begin XCConfigurationList section */
		22453E69467048B9929FC497 /* Build configuration list for PBXProject "SwiftMarkItDownApp" */ = {
			isa = XCConfigurationList;
			buildConfigurations = (
				2380B44F3C4F4BCFB4DFFA84 /* Debug */,
				6E9ECFE469D94A67B7AA05C1 /* Release */,
			);
			defaultConfigurationIsVisible = 0;
			defaultConfigurationName = Release;
		};
		AAE5DDCC43A44238ABF2C012 /* Build configuration list for PBXNativeTarget "SwiftMarkItDownApp" */ = {
			isa = XCConfigurationList;
			buildConfigurations = (
				0E2AFE0A298C48F88F93BE03 /* Debug */,
				379F6DF511A3471E9FC78272 /* Release */,
			);
			defaultConfigurationIsVisible = 0;
			defaultConfigurationName = Release;
		};
		09FB1C2CA7864043B5027AD3 /* Build configuration list for PBXNativeTarget "SwiftMarkItDownAppUITests" */ = {
			isa = XCConfigurationList;
			buildConfigurations = (
				BF9DCF88C5A54276A57D75B6 /* Debug */,
				48A272A4FB4C402F8EEA962A /* Release */,
			);
			defaultConfigurationIsVisible = 0;
			defaultConfigurationName = Release;
		};
/* End XCConfigurationList section */

/* Begin XCLocalSwiftPackageReference section */
		3C39D5C2DDC04CEDAC1F52C8 /* XCLocalSwiftPackageReference "." */ = {
			isa = XCLocalSwiftPackageReference;
			relativePath = .;
		};
/* End XCLocalSwiftPackageReference section */

/* Begin XCSwiftPackageProductDependency section */
		FFBABEEF11084DE78C50A81D /* SwiftMarkItDown */ = {
			isa = XCSwiftPackageProductDependency;
			package = 3C39D5C2DDC04CEDAC1F52C8 /* XCLocalSwiftPackageReference "." */;
			productName = SwiftMarkItDown;
		};
/* End XCSwiftPackageProductDependency section */
	};
	rootObject = 26F6896B96234A00BB10F5CF /* Project object */;
}
